
Microsoft Visual Studio Solution File, Format Version 12.00
# Visual Studio Version 17
VisualStudioVersion = 17.3.32819.101
MinimumVisualStudioVersion = 10.0.40219.1
Project("{9A19103F-16F7-4668-BE54-9A1E7A4F7556}") = "nue", "nue_api\nue.csproj", "{981E8439-F0F7-4AE7-9196-A9AB8E60A667}"
EndProject
Global
	GlobalSection(SolutionConfigurationPlatforms) = preSolution
		Debug|Any CPU = Debug|Any CPU
		Release|Any CPU = Release|Any CPU
	EndGlobalSection
	GlobalSection(ProjectConfigurationPlatforms) = postSolution
		{981E8439-F0F7-4AE7-9196-A9AB8E60A667}.Debug|Any CPU.ActiveCfg = Debug|Any CPU
		{981E8439-F0F7-4AE7-9196-A9AB8E60A667}.Debug|Any CPU.Build.0 = Debug|Any CPU
		{981E8439-F0F7-4AE7-9196-A9AB8E60A667}.Release|Any CPU.ActiveCfg = Release|Any CPU
		{981E8439-F0F7-4AE7-9196-A9AB8E60A667}.Release|Any CPU.Build.0 = Release|Any CPU
	EndGlobalSection
	GlobalSection(SolutionProperties) = preSolution
		HideSolutionNode = FALSE
	EndGlobalSection
	GlobalSection(ExtensibilityGlobals) = postSolution
		SolutionGuid = {F916A353-86E1-4E49-B73A-FA5A658D7F3B}
	EndGlobalSection
EndGlobal
